{
  "name": "FRONTEND",
  "lockfileVersion": 3,
  "requires": true,
  "packages": {
    "": {
      "dependencies": {
        "three": "^0.164.1",
        "three.interactive": "^1.7.0"
      }
    },
    "node_modules/three": {
      "version": "0.164.1",
      "resolved": "https://registry.npmjs.org/three/-/three-0.164.1.tgz",
      "integrity": "sha512-iC/hUBbl1vzFny7f5GtqzVXYjMJKaTPxiCxXfrvVdBi1Sf+jhd1CAkitiFwC7mIBFCo3MrDLJG97yisoaWig0w=="
    },
    "node_modules/three.interactive": {
      "version": "1.7.0",
      "resolved": "https://registry.npmjs.org/three.interactive/-/three.interactive-1.7.0.tgz",
      "integrity": "sha512-WuJijcJUT8cxiU3iP7FbqjN9EtU4xuVH/YR+jmEV4dG5ijNE8KeZcQtFRuK2dlJk4AGwCFte1GPUxAR7hYyo3g==",
      "peerDependencies": {
        "three": ">= 0.122.0"
      }
    }
  }
}
